
Microsoft Visual Studio Solution File, Format Version 12.00
# Visual Studio Version 17
VisualStudioVersion = 17.5.002.0
MinimumVisualStudioVersion = 10.0.40219.1
Project("{9A19103F-16F7-4668-BE54-9A1E7A4F7556}") = "DddService", "DddService\DddService.csproj", "{9C627F22-B268-4D72-A49E-3450122AF44B}"
EndProject
Project("{FAE04EC0-301F-11D3-BF4B-00C04F79EFBC}") = "Consumer", "Consumer\Consumer.csproj", "{BAFA29AA-3779-4D8B-A31F-062EB3627613}"
EndProject
Project("{FAE04EC0-301F-11D3-BF4B-00C04F79EFBC}") = "Message", "Message\Message.csproj", "{D6AFB162-81B4-4AC9-9F4E-E58837CBAA63}"
EndProject
Global
	GlobalSection(SolutionConfigurationPlatforms) = preSolution
		Debug|Any CPU = Debug|Any CPU
		Release|Any CPU = Release|Any CPU
	EndGlobalSection
	GlobalSection(ProjectConfigurationPlatforms) = postSolution
		{9C627F22-B268-4D72-A49E-3450122AF44B}.Debug|Any CPU.ActiveCfg = Debug|Any CPU
		{9C627F22-B268-4D72-A49E-3450122AF44B}.Debug|Any CPU.Build.0 = Debug|Any CPU
		{9C627F22-B268-4D72-A49E-3450122AF44B}.Release|Any CPU.ActiveCfg = Release|Any CPU
		{9C627F22-B268-4D72-A49E-3450122AF44B}.Release|Any CPU.Build.0 = Release|Any CPU
		{BAFA29AA-3779-4D8B-A31F-062EB3627613}.Debug|Any CPU.ActiveCfg = Debug|Any CPU
		{BAFA29AA-3779-4D8B-A31F-062EB3627613}.Debug|Any CPU.Build.0 = Debug|Any CPU
		{BAFA29AA-3779-4D8B-A31F-062EB3627613}.Release|Any CPU.ActiveCfg = Release|Any CPU
		{BAFA29AA-3779-4D8B-A31F-062EB3627613}.Release|Any CPU.Build.0 = Release|Any CPU
		{D6AFB162-81B4-4AC9-9F4E-E58837CBAA63}.Debug|Any CPU.ActiveCfg = Debug|Any CPU
		{D6AFB162-81B4-4AC9-9F4E-E58837CBAA63}.Debug|Any CPU.Build.0 = Debug|Any CPU
		{D6AFB162-81B4-4AC9-9F4E-E58837CBAA63}.Release|Any CPU.ActiveCfg = Release|Any CPU
		{D6AFB162-81B4-4AC9-9F4E-E58837CBAA63}.Release|Any CPU.Build.0 = Release|Any CPU
	EndGlobalSection
	GlobalSection(SolutionProperties) = preSolution
		HideSolutionNode = FALSE
	EndGlobalSection
	GlobalSection(ExtensibilityGlobals) = postSolution
		SolutionGuid = {05AA65BF-6144-4670-9DAC-DD6FCE2A9F88}
	EndGlobalSection
EndGlobal
